
Microsoft Visual Studio Solution File, Format Version 12.00
# Visual Studio 2013
VisualStudioVersion = 12.0.30501.0
MinimumVisualStudioVersion = 10.0.40219.1
Project("{FAE04EC0-301F-11D3-BF4B-00C04F79EFBC}") = "CloudWatchAppender", "CloudWatchAppender.csproj", "{9D22716F-0CF0-45DB-8957-9DACADFFF930}"
EndProject
Project("{2150E333-8FDC-42A3-9474-1A3956D46DE8}") = "Examples", "Examples", "{454F1AF8-8B2E-4ED9-AD57-6765C371C79A}"
EndProject
Project("{FAE04EC0-301F-11D3-BF4B-00C04F79EFBC}") = "RandomTicks", "..\Examples\RandomTicks\RandomTicks.csproj", "{8B622E00-6AF5-43FB-8E5C-EB302C07AD8A}"
EndProject
Project("{FAE04EC0-301F-11D3-BF4B-00C04F79EFBC}") = "ContinuousTicks", "..\Examples\ContinuousTicks\ContinuousTicks.csproj", "{B09B68DB-FB7F-4FA5-A4BA-DE9B0618E491}"
EndProject
Project("{FAE04EC0-301F-11D3-BF4B-00C04F79EFBC}") = "CloudWatchAppender.Tests", "..\Tests\CloudWatchAppender.Tests.csproj", "{2CE9BF6A-C7DE-4A06-862B-5C6935F92308}"
EndProject
Project("{FAE04EC0-301F-11D3-BF4B-00C04F79EFBC}") = "MetaDataTester", "..\MetaDataTester\MetaDataTester.csproj", "{EB37B258-908D-4B1A-92C7-D235AA33F408}"
EndProject
Project("{2150E333-8FDC-42A3-9474-1A3956D46DE8}") = ".nuget", ".nuget", "{E3870282-4BA9-431A-A37F-CA0848D72D1E}"
	ProjectSection(SolutionItems) = preProject
		.nuget\NuGet.Config = .nuget\NuGet.Config
		.nuget\NuGet.exe = .nuget\NuGet.exe
		.nuget\NuGet.targets = .nuget\NuGet.targets
		.nuget\packages.config = .nuget\packages.config
	EndProjectSection
EndProject
Project("{FAE04EC0-301F-11D3-BF4B-00C04F79EFBC}") = "BufferedTicks", "..\Examples\BufferedTicks\BufferedTicks.csproj", "{2EBBA259-08B2-427E-AB5B-BE6D136B1EBC}"
EndProject
Project("{FAE04EC0-301F-11D3-BF4B-00C04F79EFBC}") = "Logs", "..\Examples\Logs\Logs.csproj", "{E710959F-F8D3-4A1A-B47B-8D1115EAE34A}"
EndProject
Project("{FAE04EC0-301F-11D3-BF4B-00C04F79EFBC}") = "BufferedLogs", "..\Examples\BufferedLogs\BufferedLogs.csproj", "{1B18AB98-9299-45A0-BFF6-CE92625008B7}"
EndProject
Global
	GlobalSection(SolutionConfigurationPlatforms) = preSolution
		Debug|Any CPU = Debug|Any CPU
		Debug|Mixed Platforms = Debug|Mixed Platforms
		Debug|x86 = Debug|x86
		Release|Any CPU = Release|Any CPU
		Release|Mixed Platforms = Release|Mixed Platforms
		Release|x86 = Release|x86
	EndGlobalSection
	GlobalSection(ProjectConfigurationPlatforms) = postSolution
		{9D22716F-0CF0-45DB-8957-9DACADFFF930}.Debug|Any CPU.ActiveCfg = Debug|Any CPU
		{9D22716F-0CF0-45DB-8957-9DACADFFF930}.Debug|Any CPU.Build.0 = Debug|Any CPU
		{9D22716F-0CF0-45DB-8957-9DACADFFF930}.Debug|Mixed Platforms.ActiveCfg = Debug|Any CPU
		{9D22716F-0CF0-45DB-8957-9DACADFFF930}.Debug|Mixed Platforms.Build.0 = Debug|Any CPU
		{9D22716F-0CF0-45DB-8957-9DACADFFF930}.Debug|x86.ActiveCfg = Debug|Any CPU
		{9D22716F-0CF0-45DB-8957-9DACADFFF930}.Release|Any CPU.ActiveCfg = Release|Any CPU
		{9D22716F-0CF0-45DB-8957-9DACADFFF930}.Release|Any CPU.Build.0 = Release|Any CPU
		{9D22716F-0CF0-45DB-8957-9DACADFFF930}.Release|Mixed Platforms.ActiveCfg = Release|Any CPU
		{9D22716F-0CF0-45DB-8957-9DACADFFF930}.Release|Mixed Platforms.Build.0 = Release|Any CPU
		{9D22716F-0CF0-45DB-8957-9DACADFFF930}.Release|x86.ActiveCfg = Release|Any CPU
		{8B622E00-6AF5-43FB-8E5C-EB302C07AD8A}.Debug|Any CPU.ActiveCfg = Debug|x86
		{8B622E00-6AF5-43FB-8E5C-EB302C07AD8A}.Debug|Mixed Platforms.ActiveCfg = Debug|x86
		{8B622E00-6AF5-43FB-8E5C-EB302C07AD8A}.Debug|Mixed Platforms.Build.0 = Debug|x86
		{8B622E00-6AF5-43FB-8E5C-EB302C07AD8A}.Debug|x86.ActiveCfg = Debug|x86
		{8B622E00-6AF5-43FB-8E5C-EB302C07AD8A}.Debug|x86.Build.0 = Debug|x86
		{8B622E00-6AF5-43FB-8E5C-EB302C07AD8A}.Release|Any CPU.ActiveCfg = Release|x86
		{8B622E00-6AF5-43FB-8E5C-EB302C07AD8A}.Release|Mixed Platforms.ActiveCfg = Release|x86
		{8B622E00-6AF5-43FB-8E5C-EB302C07AD8A}.Release|Mixed Platforms.Build.0 = Release|x86
		{8B622E00-6AF5-43FB-8E5C-EB302C07AD8A}.Release|x86.ActiveCfg = Release|x86
		{8B622E00-6AF5-43FB-8E5C-EB302C07AD8A}.Release|x86.Build.0 = Release|x86
		{B09B68DB-FB7F-4FA5-A4BA-DE9B0618E491}.Debug|Any CPU.ActiveCfg = Debug|x86
		{B09B68DB-FB7F-4FA5-A4BA-DE9B0618E491}.Debug|Mixed Platforms.ActiveCfg = Debug|x86
		{B09B68DB-FB7F-4FA5-A4BA-DE9B0618E491}.Debug|Mixed Platforms.Build.0 = Debug|x86
		{B09B68DB-FB7F-4FA5-A4BA-DE9B0618E491}.Debug|x86.ActiveCfg = Debug|x86
		{B09B68DB-FB7F-4FA5-A4BA-DE9B0618E491}.Debug|x86.Build.0 = Debug|x86
		{B09B68DB-FB7F-4FA5-A4BA-DE9B0618E491}.Release|Any CPU.ActiveCfg = Release|x86
		{B09B68DB-FB7F-4FA5-A4BA-DE9B0618E491}.Release|Mixed Platforms.ActiveCfg = Release|x86
		{B09B68DB-FB7F-4FA5-A4BA-DE9B0618E491}.Release|Mixed Platforms.Build.0 = Release|x86
		{B09B68DB-FB7F-4FA5-A4BA-DE9B0618E491}.Release|x86.ActiveCfg = Release|x86
		{B09B68DB-FB7F-4FA5-A4BA-DE9B0618E491}.Release|x86.Build.0 = Release|x86
		{2CE9BF6A-C7DE-4A06-862B-5C6935F92308}.Debug|Any CPU.ActiveCfg = Debug|Any CPU
		{2CE9BF6A-C7DE-4A06-862B-5C6935F92308}.Debug|Any CPU.Build.0 = Debug|Any CPU
		{2CE9BF6A-C7DE-4A06-862B-5C6935F92308}.Debug|Mixed Platforms.ActiveCfg = Debug|Any CPU
		{2CE9BF6A-C7DE-4A06-862B-5C6935F92308}.Debug|Mixed Platforms.Build.0 = Debug|Any CPU
		{2CE9BF6A-C7DE-4A06-862B-5C6935F92308}.Debug|x86.ActiveCfg = Debug|Any CPU
		{2CE9BF6A-C7DE-4A06-862B-5C6935F92308}.Release|Any CPU.ActiveCfg = Release|Any CPU
		{2CE9BF6A-C7DE-4A06-862B-5C6935F92308}.Release|Any CPU.Build.0 = Release|Any CPU
		{2CE9BF6A-C7DE-4A06-862B-5C6935F92308}.Release|Mixed Platforms.ActiveCfg = Release|Any CPU
		{2CE9BF6A-C7DE-4A06-862B-5C6935F92308}.Release|Mixed Platforms.Build.0 = Release|Any CPU
		{2CE9BF6A-C7DE-4A06-862B-5C6935F92308}.Release|x86.ActiveCfg = Release|Any CPU
		{EB37B258-908D-4B1A-92C7-D235AA33F408}.Debug|Any CPU.ActiveCfg = Debug|x86
		{EB37B258-908D-4B1A-92C7-D235AA33F408}.Debug|Mixed Platforms.ActiveCfg = Debug|x86
		{EB37B258-908D-4B1A-92C7-D235AA33F408}.Debug|Mixed Platforms.Build.0 = Debug|x86
		{EB37B258-908D-4B1A-92C7-D235AA33F408}.Debug|x86.ActiveCfg = Debug|x86
		{EB37B258-908D-4B1A-92C7-D235AA33F408}.Debug|x86.Build.0 = Debug|x86
		{EB37B258-908D-4B1A-92C7-D235AA33F408}.Release|Any CPU.ActiveCfg = Release|x86
		{EB37B258-908D-4B1A-92C7-D235AA33F408}.Release|Mixed Platforms.ActiveCfg = Release|x86
		{EB37B258-908D-4B1A-92C7-D235AA33F408}.Release|Mixed Platforms.Build.0 = Release|x86
		{EB37B258-908D-4B1A-92C7-D235AA33F408}.Release|x86.ActiveCfg = Release|x86
		{EB37B258-908D-4B1A-92C7-D235AA33F408}.Release|x86.Build.0 = Release|x86
		{2EBBA259-08B2-427E-AB5B-BE6D136B1EBC}.Debug|Any CPU.ActiveCfg = Debug|Any CPU
		{2EBBA259-08B2-427E-AB5B-BE6D136B1EBC}.Debug|Any CPU.Build.0 = Debug|Any CPU
		{2EBBA259-08B2-427E-AB5B-BE6D136B1EBC}.Debug|Mixed Platforms.ActiveCfg = Debug|Any CPU
		{2EBBA259-08B2-427E-AB5B-BE6D136B1EBC}.Debug|Mixed Platforms.Build.0 = Debug|Any CPU
		{2EBBA259-08B2-427E-AB5B-BE6D136B1EBC}.Debug|x86.ActiveCfg = Debug|Any CPU
		{2EBBA259-08B2-427E-AB5B-BE6D136B1EBC}.Release|Any CPU.ActiveCfg = Release|Any CPU
		{2EBBA259-08B2-427E-AB5B-BE6D136B1EBC}.Release|Any CPU.Build.0 = Release|Any CPU
		{2EBBA259-08B2-427E-AB5B-BE6D136B1EBC}.Release|Mixed Platforms.ActiveCfg = Release|Any CPU
		{2EBBA259-08B2-427E-AB5B-BE6D136B1EBC}.Release|Mixed Platforms.Build.0 = Release|Any CPU
		{2EBBA259-08B2-427E-AB5B-BE6D136B1EBC}.Release|x86.ActiveCfg = Release|Any CPU
		{E710959F-F8D3-4A1A-B47B-8D1115EAE34A}.Debug|Any CPU.ActiveCfg = Debug|Any CPU
		{E710959F-F8D3-4A1A-B47B-8D1115EAE34A}.Debug|Any CPU.Build.0 = Debug|Any CPU
		{E710959F-F8D3-4A1A-B47B-8D1115EAE34A}.Debug|Mixed Platforms.ActiveCfg = Debug|Any CPU
		{E710959F-F8D3-4A1A-B47B-8D1115EAE34A}.Debug|Mixed Platforms.Build.0 = Debug|Any CPU
		{E710959F-F8D3-4A1A-B47B-8D1115EAE34A}.Debug|x86.ActiveCfg = Debug|Any CPU
		{E710959F-F8D3-4A1A-B47B-8D1115EAE34A}.Release|Any CPU.ActiveCfg = Release|Any CPU
		{E710959F-F8D3-4A1A-B47B-8D1115EAE34A}.Release|Any CPU.Build.0 = Release|Any CPU
		{E710959F-F8D3-4A1A-B47B-8D1115EAE34A}.Release|Mixed Platforms.ActiveCfg = Release|Any CPU
		{E710959F-F8D3-4A1A-B47B-8D1115EAE34A}.Release|Mixed Platforms.Build.0 = Release|Any CPU
		{E710959F-F8D3-4A1A-B47B-8D1115EAE34A}.Release|x86.ActiveCfg = Release|Any CPU
		{1B18AB98-9299-45A0-BFF6-CE92625008B7}.Debug|Any CPU.ActiveCfg = Debug|Any CPU
		{1B18AB98-9299-45A0-BFF6-CE92625008B7}.Debug|Any CPU.Build.0 = Debug|Any CPU
		{1B18AB98-9299-45A0-BFF6-CE92625008B7}.Debug|Mixed Platforms.ActiveCfg = Debug|Any CPU
		{1B18AB98-9299-45A0-BFF6-CE92625008B7}.Debug|Mixed Platforms.Build.0 = Debug|Any CPU
		{1B18AB98-9299-45A0-BFF6-CE92625008B7}.Debug|x86.ActiveCfg = Debug|Any CPU
		{1B18AB98-9299-45A0-BFF6-CE92625008B7}.Release|Any CPU.ActiveCfg = Release|Any CPU
		{1B18AB98-9299-45A0-BFF6-CE92625008B7}.Release|Any CPU.Build.0 = Release|Any CPU
		{1B18AB98-9299-45A0-BFF6-CE92625008B7}.Release|Mixed Platforms.ActiveCfg = Release|Any CPU
		{1B18AB98-9299-45A0-BFF6-CE92625008B7}.Release|Mixed Platforms.Build.0 = Release|Any CPU
		{1B18AB98-9299-45A0-BFF6-CE92625008B7}.Release|x86.ActiveCfg = Release|Any CPU
	EndGlobalSection
	GlobalSection(SolutionProperties) = preSolution
		HideSolutionNode = FALSE
	EndGlobalSection
	GlobalSection(NestedProjects) = preSolution
		{8B622E00-6AF5-43FB-8E5C-EB302C07AD8A} = {454F1AF8-8B2E-4ED9-AD57-6765C371C79A}
		{B09B68DB-FB7F-4FA5-A4BA-DE9B0618E491} = {454F1AF8-8B2E-4ED9-AD57-6765C371C79A}
		{2EBBA259-08B2-427E-AB5B-BE6D136B1EBC} = {454F1AF8-8B2E-4ED9-AD57-6765C371C79A}
		{E710959F-F8D3-4A1A-B47B-8D1115EAE34A} = {454F1AF8-8B2E-4ED9-AD57-6765C371C79A}
		{1B18AB98-9299-45A0-BFF6-CE92625008B7} = {454F1AF8-8B2E-4ED9-AD57-6765C371C79A}
	EndGlobalSection
EndGlobal
